// !$*UTF8*$!
{
	archiveVersion = 1;
	classes = {
	};
	objectVersion = 46;
	objects = {

/* Begin PBXBuildFile section */
		200541E01C4C6F76007B7369 /* PokemonDetailVC.swift in Sources */ = {isa = PBXBuildFile; fileRef = 200541DF1C4C6F76007B7369 /* PokemonDetailVC.swift */; };
		201C81051C4B47CB00CD448A /* AppDelegate.swift in Sources */ = {isa = PBXBuildFile; fileRef = 201C81041C4B47CB00CD448A /* AppDelegate.swift */; };
		201C81071C4B47CB00CD448A /* ViewController.swift in Sources */ = {isa = PBXBuildFile; fileRef = 201C81061C4B47CB00CD448A /* ViewController.swift */; };
		201C810A1C4B47CB00CD448A /* Main.storyboard in Resources */ = {isa = PBXBuildFile; fileRef = 201C81081C4B47CB00CD448A /* Main.storyboard */; };
		201C810C1C4B47CB00CD448A /* Assets.xcassets in Resources */ = {isa = PBXBuildFile; fileRef = 201C810B1C4B47CB00CD448A /* Assets.xcassets */; };
		201C810F1C4B47CB00CD448A /* LaunchScreen.storyboard in Resources */ = {isa = PBXBuildFile; fileRef = 201C810D1C4B47CB00CD448A /* LaunchScreen.storyboard */; };
		201C81171C4B4D0500CD448A /* pokemon.csv in Resources */ = {isa = PBXBuildFile; fileRef = 201C81161C4B4D0500CD448A /* pokemon.csv */; };
		201C811A1C4B4DE300CD448A /* Pokemon.swift in Sources */ = {isa = PBXBuildFile; fileRef = 201C81191C4B4DE300CD448A /* Pokemon.swift */; };
		201C811D1C4B678100CD448A /* PokeCell.swift in Sources */ = {isa = PBXBuildFile; fileRef = 201C811C1C4B678100CD448A /* PokeCell.swift */; };
		201C811F1C4B871200CD448A /* csv.swift in Sources */ = {isa = PBXBuildFile; fileRef = 201C811E1C4B871200CD448A /* csv.swift */; };
		201C81211C4B872700CD448A /* music.mp3 in Resources */ = {isa = PBXBuildFile; fileRef = 201C81201C4B872700CD448A /* music.mp3 */; };
		201C81271C4B936400CD448A /* pokefont.ttf in Resources */ = {isa = PBXBuildFile; fileRef = 201C81261C4B936400CD448A /* pokefont.ttf */; };
		53E2C928F18ED43EDB378084 /* Pods_pokedex.framework in Frameworks */ = {isa = PBXBuildFile; fileRef = D02D3A884B6ED28876B78BD4 /* Pods_pokedex.framework */; };
/* End PBXBuildFile section */

/* Begin PBXFileReference section */
		200541DF1C4C6F76007B7369 /* PokemonDetailVC.swift */ = {isa = PBXFileReference; fileEncoding = 4; lastKnownFileType = sourcecode.swift; path = PokemonDetailVC.swift; sourceTree = "<group>"; };
		201C81011C4B47CB00CD448A /* pokedex.app */ = {isa = PBXFileReference; explicitFileType = wrapper.application; includeInIndex = 0; path = pokedex.app; sourceTree = BUILT_PRODUCTS_DIR; };
		201C81041C4B47CB00CD448A /* AppDelegate.swift */ = {isa = PBXFileReference; lastKnownFileType = sourcecode.swift; path = AppDelegate.swift; sourceTree = "<group>"; };
		201C81061C4B47CB00CD448A /* ViewController.swift */ = {isa = PBXFileReference; lastKnownFileType = sourcecode.swift; path = ViewController.swift; sourceTree = "<group>"; };
		201C81091C4B47CB00CD448A /* Base */ = {isa = PBXFileReference; lastKnownFileType = file.storyboard; name = Base; path = Base.lproj/Main.storyboard; sourceTree = "<group>"; };
		201C810B1C4B47CB00CD448A /* Assets.xcassets */ = {isa = PBXFileReference; lastKnownFileType = folder.assetcatalog; path = Assets.xcassets; sourceTree = "<group>"; };
		201C810E1C4B47CB00CD448A /* Base */ = {isa = PBXFileReference; lastKnownFileType = file.storyboard; name = Base; path = Base.lproj/LaunchScreen.storyboard; sourceTree = "<group>"; };
		201C81101C4B47CB00CD448A /* Info.plist */ = {isa = PBXFileReference; lastKnownFileType = text.plist.xml; path = Info.plist; sourceTree = "<group>"; };
		201C81161C4B4D0500CD448A /* pokemon.csv */ = {isa = PBXFileReference; fileEncoding = 4; lastKnownFileType = text; path = pokemon.csv; sourceTree = "<group>"; };
		201C81191C4B4DE300CD448A /* Pokemon.swift */ = {isa = PBXFileReference; fileEncoding = 4; lastKnownFileType = sourcecode.swift; path = Pokemon.swift; sourceTree = "<group>"; };
		201C811C1C4B678100CD448A /* PokeCell.swift */ = {isa = PBXFileReference; fileEncoding = 4; lastKnownFileType = sourcecode.swift; path = PokeCell.swift; sourceTree = "<group>"; };
		201C811E1C4B871200CD448A /* csv.swift */ = {isa = PBXFileReference; fileEncoding = 4; lastKnownFileType = sourcecode.swift; path = csv.swift; sourceTree = "<group>"; };
		201C81201C4B872700CD448A /* music.mp3 */ = {isa = PBXFileReference; lastKnownFileType = audio.mp3; path = music.mp3; sourceTree = "<group>"; };
		201C81261C4B936400CD448A /* pokefont.ttf */ = {isa = PBXFileReference; lastKnownFileType = file; path = pokefont.ttf; sourceTree = "<group>"; };
		5B8C29379FF2CBDB3E494B46 /* Pods-pokedex.release.xcconfig */ = {isa = PBXFileReference; includeInIndex = 1; lastKnownFileType = text.xcconfig; name = "Pods-pokedex.release.xcconfig"; path = "Pods/Target Support Files/Pods-pokedex/Pods-pokedex.release.xcconfig"; sourceTree = "<group>"; };
		850F3EF6C0684918008F2F64 /* Pods-pokedex.debug.xcconfig */ = {isa = PBXFileReference; includeInIndex = 1; lastKnownFileType = text.xcconfig; name = "Pods-pokedex.debug.xcconfig"; path = "Pods/Target Support Files/Pods-pokedex/Pods-pokedex.debug.xcconfig"; sourceTree = "<group>"; };
		D02D3A884B6ED28876B78BD4 /* Pods_pokedex.framework */ = {isa = PBXFileReference; explicitFileType = wrapper.framework; includeInIndex = 0; path = Pods_pokedex.framework; sourceTree = BUILT_PRODUCTS_DIR; };
/* End PBXFileReference section */

/* Begin PBXFrameworksBuildPhase section */
		201C80FE1C4B47CB00CD448A /* Frameworks */ = {
			isa = PBXFrameworksBuildPhase;
			buildActionMask = 2147483647;
			files = (
				53E2C928F18ED43EDB378084 /* Pods_pokedex.framework in Frameworks */,
			);
			runOnlyForDeploymentPostprocessing = 0;
		};
/* End PBXFrameworksBuildPhase section */

/* Begin PBXGroup section */
		201C80F81C4B47CB00CD448A = {
			isa = PBXGroup;
			children = (
				201C81031C4B47CB00CD448A /* pokedex */,
				201C81021C4B47CB00CD448A /* Products */,
				ABE611FA15F9B0FDECDB17FD /* Pods */,
				A3833B708D993B29A7492E84 /* Frameworks */,
			);
			sourceTree = "<group>";
		};
		201C81021C4B47CB00CD448A /* Products */ = {
			isa = PBXGroup;
			children = (
				201C81011C4B47CB00CD448A /* pokedex.app */,
			);
			name = Products;
			sourceTree = "<group>";
		};
		201C81031C4B47CB00CD448A /* pokedex */ = {
			isa = PBXGroup;
			children = (
				201C81181C4B4DD800CD448A /* Model */,
				201C811B1C4B674B00CD448A /* View */,
				201C81231C4B875200CD448A /* Controller */,
				201C81221C4B874900CD448A /* Util */,
				201C81241C4B876D00CD448A /* Resources */,
				201C81041C4B47CB00CD448A /* AppDelegate.swift */,
				201C81081C4B47CB00CD448A /* Main.storyboard */,
				201C810B1C4B47CB00CD448A /* Assets.xcassets */,
				201C810D1C4B47CB00CD448A /* LaunchScreen.storyboard */,
				201C81101C4B47CB00CD448A /* Info.plist */,
			);
			path = pokedex;
			sourceTree = "<group>";
		};
		201C81181C4B4DD800CD448A /* Model */ = {
			isa = PBXGroup;
			children = (
				201C81191C4B4DE300CD448A /* Pokemon.swift */,
			);
			name = Model;
			sourceTree = "<group>";
		};
		201C811B1C4B674B00CD448A /* View */ = {
			isa = PBXGroup;
			children = (
				201C811C1C4B678100CD448A /* PokeCell.swift */,
			);
			name = View;
			sourceTree = "<group>";
		};
		201C81221C4B874900CD448A /* Util */ = {
			isa = PBXGroup;
			children = (
				201C811E1C4B871200CD448A /* csv.swift */,
			);
			name = Util;
			sourceTree = "<group>";
		};
		201C81231C4B875200CD448A /* Controller */ = {
			isa = PBXGroup;
			children = (
				201C81061C4B47CB00CD448A /* ViewController.swift */,
				200541DF1C4C6F76007B7369 /* PokemonDetailVC.swift */,
			);
			name = Controller;
			sourceTree = "<group>";
		};
		201C81241C4B876D00CD448A /* Resources */ = {
			isa = PBXGroup;
			children = (
				201C81261C4B936400CD448A /* pokefont.ttf */,
				201C81161C4B4D0500CD448A /* pokemon.csv */,
				201C81201C4B872700CD448A /* music.mp3 */,
			);
			name = Resources;
			sourceTree = "<group>";
		};
		A3833B708D993B29A7492E84 /* Frameworks */ = {
			isa = PBXGroup;
			children = (
				D02D3A884B6ED28876B78BD4 /* Pods_pokedex.framework */,
			);
			name = Frameworks;
			sourceTree = "<group>";
		};
		ABE611FA15F9B0FDECDB17FD /* Pods */ = {
			isa = PBXGroup;
			children = (
				850F3EF6C0684918008F2F64 /* Pods-pokedex.debug.xcconfig */,
				5B8C29379FF2CBDB3E494B46 /* Pods-pokedex.release.xcconfig */,
			);
			name = Pods;
			sourceTree = "<group>";
		};
/* End PBXGroup section */

/* Begin PBXNativeTarget section */
		201C81001C4B47CB00CD448A /* pokedex */ = {
			isa = PBXNativeTarget;
			buildConfigurationList = 201C81131C4B47CB00CD448A /* Build configuration list for PBXNativeTarget "pokedex" */;
			buildPhases = (
				94E2A2502F199BCDF2D6FD1D /* Check Pods Manifest.lock */,
				201C80FD1C4B47CB00CD448A /* Sources */,
				201C80FE1C4B47CB00CD448A /* Frameworks */,
				201C80FF1C4B47CB00CD448A /* Resources */,
				BB98C9B890D52999B285850D /* Embed Pods Frameworks */,
				49C76E27C0783452EF9610D2 /* Copy Pods Resources */,
			);
			buildRules = (
			);
			dependencies = (
			);
			name = pokedex;
			productName = pokedex;
			productReference = 201C81011C4B47CB00CD448A /* pokedex.app */;
			productType = "com.apple.product-type.application";
		};
/* End PBXNativeTarget section */

/* Begin PBXProject section */
		201C80F91C4B47CB00CD448A /* Project object */ = {
			isa = PBXProject;
			attributes = {
				LastSwiftUpdateCheck = 0720;
				LastUpgradeCheck = 0720;
				ORGANIZATIONNAME = "Ilya Shaisultanov";
				TargetAttributes = {
					201C81001C4B47CB00CD448A = {
						CreatedOnToolsVersion = 7.2;
						DevelopmentTeam = 5F6QZASLQP;
					};
				};
			};
			buildConfigurationList = 201C80FC1C4B47CB00CD448A /* Build configuration list for PBXProject "pokedex" */;
			compatibilityVersion = "Xcode 3.2";
			developmentRegion = English;
			hasScannedForEncodings = 0;
			knownRegions = (
				en,
				Base,
			);
			mainGroup = 201C80F81C4B47CB00CD448A;
			productRefGroup = 201C81021C4B47CB00CD448A /* Products */;
			projectDirPath = "";
			projectRoot = "";
			targets = (
				201C81001C4B47CB00CD448A /* pokedex */,
			);
		};
/* End PBXProject section */

/* Begin PBXResourcesBuildPhase section */
		201C80FF1C4B47CB00CD448A /* Resources */ = {
			isa = PBXResourcesBuildPhase;
			buildActionMask = 2147483647;
			files = (
				201C81271C4B936400CD448A /* pokefont.ttf in Resources */,
				201C81211C4B872700CD448A /* music.mp3 in Resources */,
				201C810F1C4B47CB00CD448A /* LaunchScreen.storyboard in Resources */,
				201C810C1C4B47CB00CD448A /* Assets.xcassets in Resources */,
				201C81171C4B4D0500CD448A /* pokemon.csv in Resources */,
				201C810A1C4B47CB00CD448A /* Main.storyboard in Resources */,
			);
			runOnlyForDeploymentPostprocessing = 0;
		};
/* End PBXResourcesBuildPhase section */

/* Begin PBXShellScriptBuildPhase section */
		49C76E27C0783452EF9610D2 /* Copy Pods Resources */ = {
			isa = PBXShellScriptBuildPhase;
			buildActionMask = 2147483647;
			files = (
			);
			inputPaths = (
			);
			name = "Copy Pods Resources";
			outputPaths = (
			);
			runOnlyForDeploymentPostprocessing = 0;
			shellPath = /bin/sh;
			shellScript = "\"${SRCROOT}/Pods/Target Support Files/Pods-pokedex/Pods-pokedex-resources.sh\"\n";
			showEnvVarsInLog = 0;
		};
		94E2A2502F199BCDF2D6FD1D /* Check Pods Manifest.lock */ = {
			isa = PBXShellScriptBuildPhase;
			buildActionMask = 2147483647;
			files = (
			);
			inputPaths = (
			);
			name = "Check Pods Manifest.lock";
			outputPaths = (
			);
			runOnlyForDeploymentPostprocessing = 0;
			shellPath = /bin/sh;
			shellScript = "diff \"${PODS_ROOT}/../Podfile.lock\" \"${PODS_ROOT}/Manifest.lock\" > /dev/null\nif [[ $? != 0 ]] ; then\n    cat << EOM\nerror: The sandbox is not in sync with the Podfile.lock. Run 'pod install' or update your CocoaPods installation.\nEOM\n    exit 1\nfi\n";
			showEnvVarsInLog = 0;
		};
		BB98C9B890D52999B285850D /* Embed Pods Frameworks */ = {
			isa = PBXShellScriptBuildPhase;
			buildActionMask = 2147483647;
			files = (
			);
			inputPaths = (
			);
			name = "Embed Pods Frameworks";
			outputPaths = (
			);
			runOnlyForDeploymentPostprocessing = 0;
			shellPath = /bin/sh;
			shellScript = "\"${SRCROOT}/Pods/Target Support Files/Pods-pokedex/Pods-pokedex-frameworks.sh\"\n";
			showEnvVarsInLog = 0;
		};
/* End PBXShellScriptBuildPhase section */

/* Begin PBXSourcesBuildPhase section */
		201C80FD1C4B47CB00CD448A /* Sources */ = {
			isa = PBXSourcesBuildPhase;
			buildActionMask = 2147483647;
			files = (
				201C811D1C4B678100CD448A /* PokeCell.swift in Sources */,
				201C81071C4B47CB00CD448A /* ViewController.swift in Sources */,
				201C81051C4B47CB00CD448A /* AppDelegate.swift in Sources */,
				200541E01C4C6F76007B7369 /* PokemonDetailVC.swift in Sources */,
				201C811A1C4B4DE300CD448A /* Pokemon.swift in Sources */,
				201C811F1C4B871200CD448A /* csv.swift in Sources */,
			);
			runOnlyForDeploymentPostprocessing = 0;
		};
/* End PBXSourcesBuildPhase section */

/* Begin PBXVariantGroup section */
		201C81081C4B47CB00CD448A /* Main.storyboard */ = {
			isa = PBXVariantGroup;
			children = (
				201C81091C4B47CB00CD448A /* Base */,
			);
			name = Main.storyboard;
			sourceTree = "<group>";
		};
		201C810D1C4B47CB00CD448A /* LaunchScreen.storyboard */ = {
			isa = PBXVariantGroup;
			children = (
				201C810E1C4B47CB00CD448A /* Base */,
			);
			name = LaunchScreen.storyboard;
			sourceTree = "<group>";
		};
/* End PBXVariantGroup section */

/* Begin XCBuildConfiguration section */
		201C81111C4B47CB00CD448A /* Debug */ = {
			isa = XCBuildConfiguration;
			buildSettings = {
				ALWAYS_SEARCH_USER_PATHS = NO;
				CLANG_CXX_LANGUAGE_STANDARD = "gnu++0x";
				CLANG_CXX_LIBRARY = "libc++";
				CLANG_ENABLE_MODULES = YES;
				CLANG_ENABLE_OBJC_ARC = YES;
				CLANG_WARN_BOOL_CONVERSION = YES;
				CLANG_WARN_CONSTANT_CONVERSION = YES;
				CLANG_WARN_DIRECT_OBJC_ISA_USAGE = YES_ERROR;
				CLANG_WARN_EMPTY_BODY = YES;
				CLANG_WARN_ENUM_CONVERSION = YES;
				CLANG_WARN_INT_CONVERSION = YES;
				CLANG_WARN_OBJC_ROOT_CLASS = YES_ERROR;
				CLANG_WARN_UNREACHABLE_CODE = YES;
				CLANG_WARN__DUPLICATE_METHOD_MATCH = YES;
				"CODE_SIGN_IDENTITY[sdk=iphoneos*]" = "iPhone Developer";
				COPY_PHASE_STRIP = NO;
				DEBUG_INFORMATION_FORMAT = dwarf;
				ENABLE_STRICT_OBJC_MSGSEND = YES;
				ENABLE_TESTABILITY = YES;
				GCC_C_LANGUAGE_STANDARD = gnu99;
				GCC_DYNAMIC_NO_PIC = NO;
				GCC_NO_COMMON_BLOCKS = YES;
				GCC_OPTIMIZATION_LEVEL = 0;
				GCC_PREPROCESSOR_DEFINITIONS = (
					"DEBUG=1",
					"$(inherited)",
				);
				GCC_WARN_64_TO_32_BIT_CONVERSION = YES;
				GCC_WARN_ABOUT_RETURN_TYPE = YES_ERROR;
				GCC_WARN_UNDECLARED_SELECTOR = YES;
				GCC_WARN_UNINITIALIZED_AUTOS = YES_AGGRESSIVE;
				GCC_WARN_UNUSED_FUNCTION = YES;
				GCC_WARN_UNUSED_VARIABLE = YES;
				IPHONEOS_DEPLOYMENT_TARGET = 9.2;
				MTL_ENABLE_DEBUG_INFO = YES;
				ONLY_ACTIVE_ARCH = YES;
				SDKROOT = iphoneos;
				SWIFT_OPTIMIZATION_LEVEL = "-Onone";
				TARGETED_DEVICE_FAMILY = "1,2";
			};
			name = Debug;
		};
		201C81121C4B47CB00CD448A /* Release */ = {
			isa = XCBuildConfiguration;
			buildSettings = {
				ALWAYS_SEARCH_USER_PATHS = NO;
				CLANG_CXX_LANGUAGE_STANDARD = "gnu++0x";
				CLANG_CXX_LIBRARY = "libc++";
				CLANG_ENABLE_MODULES = YES;
				CLANG_ENABLE_OBJC_ARC = YES;
				CLANG_WARN_BOOL_CONVERSION = YES;
				CLANG_WARN_CONSTANT_CONVERSION = YES;
				CLANG_WARN_DIRECT_OBJC_ISA_USAGE = YES_ERROR;
				CLANG_WARN_EMPTY_BODY = YES;
				CLANG_WARN_ENUM_CONVERSION = YES;
				CLANG_WARN_INT_CONVERSION = YES;
				CLANG_WARN_OBJC_ROOT_CLASS = YES_ERROR;
				CLANG_WARN_UNREACHABLE_CODE = YES;
				CLANG_WARN__DUPLICATE_METHOD_MATCH = YES;
				"CODE_SIGN_IDENTITY[sdk=iphoneos*]" = "iPhone Developer";
				COPY_PHASE_STRIP = NO;
				DEBUG_INFORMATION_FORMAT = "dwarf-with-dsym";
				ENABLE_NS_ASSERTIONS = NO;
				ENABLE_STRICT_OBJC_MSGSEND = YES;
				GCC_C_LANGUAGE_STANDARD = gnu99;
				GCC_NO_COMMON_BLOCKS = YES;
				GCC_WARN_64_TO_32_BIT_CONVERSION = YES;
				GCC_WARN_ABOUT_RETURN_TYPE = YES_ERROR;
				GCC_WARN_UNDECLARED_SELECTOR = YES;
				GCC_WARN_UNINITIALIZED_AUTOS = YES_AGGRESSIVE;
				GCC_WARN_UNUSED_FUNCTION = YES;
				GCC_WARN_UNUSED_VARIABLE = YES;
				IPHONEOS_DEPLOYMENT_TARGET = 9.2;
				MTL_ENABLE_DEBUG_INFO = NO;
				SDKROOT = iphoneos;
				TARGETED_DEVICE_FAMILY = "1,2";
				VALIDATE_PRODUCT = YES;
			};
			name = Release;
		};
		201C81141C4B47CB00CD448A /* Debug */ = {
			isa = XCBuildConfiguration;
			baseConfigurationReference = 850F3EF6C0684918008F2F64 /* Pods-pokedex.debug.xcconfig */;
			buildSettings = {
				ASSETCATALOG_COMPILER_APPICON_NAME = AppIcon;
				INFOPLIST_FILE = pokedex/Info.plist;
				LD_RUNPATH_SEARCH_PATHS = "$(inherited) @executable_path/Frameworks";
				PRODUCT_BUNDLE_IDENTIFIER = com.diversario.pokedex;
				PRODUCT_NAME = "$(TARGET_NAME)";
			};
			name = Debug;
		};
		201C81151C4B47CB00CD448A /* Release */ = {
			isa = XCBuildConfiguration;
			baseConfigurationReference = 5B8C29379FF2CBDB3E494B46 /* Pods-pokedex.release.xcconfig */;
			buildSettings = {
				ASSETCATALOG_COMPILER_APPICON_NAME = AppIcon;
				INFOPLIST_FILE = pokedex/Info.plist;
				LD_RUNPATH_SEARCH_PATHS = "$(inherited) @executable_path/Frameworks";
				PRODUCT_BUNDLE_IDENTIFIER = com.diversario.pokedex;
				PRODUCT_NAME = "$(TARGET_NAME)";
			};
			name = Release;
		};
/* End XCBuildConfiguration section */

/* Begin XCConfigurationList section */
		201C80FC1C4B47CB00CD448A /* Build configuration list for PBXProject "pokedex" */ = {
			isa = XCConfigurationList;
			buildConfigurations = (
				201C81111C4B47CB00CD448A /* Debug */,
				201C81121C4B47CB00CD448A /* Release */,
			);
			defaultConfigurationIsVisible = 0;
			defaultConfigurationName = Release;
		};
		201C81131C4B47CB00CD448A /* Build configuration list for PBXNativeTarget "pokedex" */ = {
			isa = XCConfigurationList;
			buildConfigurations = (
				201C81141C4B47CB00CD448A /* Debug */,
				201C81151C4B47CB00CD448A /* Release */,
			);
			defaultConfigurationIsVisible = 0;
			defaultConfigurationName = Release;
		};
/* End XCConfigurationList section */
	};
	rootObject = 201C80F91C4B47CB00CD448A /* Project object */;
}
